
Microsoft Visual Studio Solution File, Format Version 12.00
# Visual Studio 14
VisualStudioVersion = 14.0.25420.1
MinimumVisualStudioVersion = 10.0.40219.1
Project("{FAE04EC0-301F-11D3-BF4B-00C04F79EFBC}") = "ViewLayer", "Viewlayer\ViewLayer.csproj", "{49AEAEC6-BDD7-450B-A8D9-F29A614CBCA4}"
EndProject
Project("{FAE04EC0-301F-11D3-BF4B-00C04F79EFBC}") = "BusinessLayer", "BusinessLayer\BusinessLayer.csproj", "{B5886FB8-EF70-46D1-B01E-29C4FEA27088}"
EndProject
Project("{FAE04EC0-301F-11D3-BF4B-00C04F79EFBC}") = "DataLayer", "DataLayer\DataLayer.csproj", "{8045C98E-5F1E-4C0D-8BA9-89AD9B86F231}"
EndProject
Global
	GlobalSection(SolutionConfigurationPlatforms) = preSolution
		Debug|Any CPU = Debug|Any CPU
		Release|Any CPU = Release|Any CPU
	EndGlobalSection
	GlobalSection(ProjectConfigurationPlatforms) = postSolution
		{49AEAEC6-BDD7-450B-A8D9-F29A614CBCA4}.Debug|Any CPU.ActiveCfg = Debug|Any CPU
		{49AEAEC6-BDD7-450B-A8D9-F29A614CBCA4}.Debug|Any CPU.Build.0 = Debug|Any CPU
		{49AEAEC6-BDD7-450B-A8D9-F29A614CBCA4}.Release|Any CPU.ActiveCfg = Release|Any CPU
		{49AEAEC6-BDD7-450B-A8D9-F29A614CBCA4}.Release|Any CPU.Build.0 = Release|Any CPU
		{B5886FB8-EF70-46D1-B01E-29C4FEA27088}.Debug|Any CPU.ActiveCfg = Debug|Any CPU
		{B5886FB8-EF70-46D1-B01E-29C4FEA27088}.Debug|Any CPU.Build.0 = Debug|Any CPU
		{B5886FB8-EF70-46D1-B01E-29C4FEA27088}.Release|Any CPU.ActiveCfg = Release|Any CPU
		{B5886FB8-EF70-46D1-B01E-29C4FEA27088}.Release|Any CPU.Build.0 = Release|Any CPU
		{8045C98E-5F1E-4C0D-8BA9-89AD9B86F231}.Debug|Any CPU.ActiveCfg = Debug|Any CPU
		{8045C98E-5F1E-4C0D-8BA9-89AD9B86F231}.Debug|Any CPU.Build.0 = Debug|Any CPU
		{8045C98E-5F1E-4C0D-8BA9-89AD9B86F231}.Release|Any CPU.ActiveCfg = Release|Any CPU
		{8045C98E-5F1E-4C0D-8BA9-89AD9B86F231}.Release|Any CPU.Build.0 = Release|Any CPU
	EndGlobalSection
	GlobalSection(SolutionProperties) = preSolution
		HideSolutionNode = FALSE
	EndGlobalSection
	GlobalSection(TeamFoundationVersionControl) = preSolution
		SccNumberOfProjects = 4
		SccEnterpriseProvider = {4CA58AB2-18FA-4F8D-95D4-32DDF27D184C}
		SccTeamFoundationServer = http://tfs.utb.hb.se:8080/tfs/suht18
		SccLocalPath0 = .
		SccProjectUniqueName1 = BusinessLayer\\BusinessLayer.csproj
		SccProjectName1 = BusinessLayer
		SccLocalPath1 = BusinessLayer
		SccProjectUniqueName2 = DataLayer\\DataLayer.csproj
		SccProjectName2 = DataLayer
		SccLocalPath2 = DataLayer
		SccProjectUniqueName3 = Viewlayer\\ViewLayer.csproj
		SccProjectName3 = Viewlayer
		SccLocalPath3 = Viewlayer
	EndGlobalSection
EndGlobal
